
Microsoft Visual Studio Solution File, Format Version 12.00
# Visual Studio Version 16
VisualStudioVersion = 16.0.31205.134
MinimumVisualStudioVersion = 10.0.40219.1
Project("{FAE04EC0-301F-11D3-BF4B-00C04F79EFBC}") = "rf-tools", "rf-tools\rf-tools.csproj", "{C3A9ACD7-46BA-407A-8CE4-3490C1828700}"
EndProject
Global
	GlobalSection(SolutionConfigurationPlatforms) = preSolution
		Debug|Any CPU = Debug|Any CPU
		Release|Any CPU = Release|Any CPU
	EndGlobalSection
	GlobalSection(ProjectConfigurationPlatforms) = postSolution
		{C3A9ACD7-46BA-407A-8CE4-3490C1828700}.Debug|Any CPU.ActiveCfg = Debug|Any CPU
		{C3A9ACD7-46BA-407A-8CE4-3490C1828700}.Debug|Any CPU.Build.0 = Debug|Any CPU
		{C3A9ACD7-46BA-407A-8CE4-3490C1828700}.Release|Any CPU.ActiveCfg = Release|Any CPU
		{C3A9ACD7-46BA-407A-8CE4-3490C1828700}.Release|Any CPU.Build.0 = Release|Any CPU
	EndGlobalSection
	GlobalSection(SolutionProperties) = preSolution
		HideSolutionNode = FALSE
	EndGlobalSection
	GlobalSection(ExtensibilityGlobals) = postSolution
		SolutionGuid = {97F504CE-7418-48CE-875E-2C2ECCEFFA69}
	EndGlobalSection
EndGlobal
